// !$*UTF8*$!
{
	archiveVersion = 1;
	classes = {
	};
	objectVersion = 46;
	objects = {

/* Begin PBXBuildFile section */
		134BCB531F0DF4C400AA5558 /* AppDelegate.swift in Sources */ = {isa = PBXBuildFile; fileRef = 134BCB521F0DF4C400AA5558 /* AppDelegate.swift */; };
		134BCB551F0DF4C400AA5558 /* ViewController.swift in Sources */ = {isa = PBXBuildFile; fileRef = 134BCB541F0DF4C400AA5558 /* ViewController.swift */; };
		134BCB581F0DF4C400AA5558 /* Main.storyboard in Resources */ = {isa = PBXBuildFile; fileRef = 134BCB561F0DF4C400AA5558 /* Main.storyboard */; };
		134BCB5A1F0DF4C400AA5558 /* Assets.xcassets in Resources */ = {isa = PBXBuildFile; fileRef = 134BCB591F0DF4C400AA5558 /* Assets.xcassets */; };
		134BCB5D1F0DF4C400AA5558 /* LaunchScreen.storyboard in Resources */ = {isa = PBXBuildFile; fileRef = 134BCB5B1F0DF4C400AA5558 /* LaunchScreen.storyboard */; };
		C751D6877C236A8C2B81FBF7 /* Pods_stripeDemo_6_7.framework in Frameworks */ = {isa = PBXBuildFile; fileRef = D0E8DC856A228CB3C168E343 /* Pods_stripeDemo_6_7.framework */; };
/* End PBXBuildFile section */

/* Begin PBXFileReference section */
		134BCB4F1F0DF4C400AA5558 /* stripeDemo_6_7.app */ = {isa = PBXFileReference; explicitFileType = wrapper.application; includeInIndex = 0; path = stripeDemo_6_7.app; sourceTree = BUILT_PRODUCTS_DIR; };
		134BCB521F0DF4C400AA5558 /* AppDelegate.swift */ = {isa = PBXFileReference; lastKnownFileType = sourcecode.swift; path = AppDelegate.swift; sourceTree = "<group>"; };
		134BCB541F0DF4C400AA5558 /* ViewController.swift */ = {isa = PBXFileReference; lastKnownFileType = sourcecode.swift; path = ViewController.swift; sourceTree = "<group>"; };
		134BCB571F0DF4C400AA5558 /* Base */ = {isa = PBXFileReference; lastKnownFileType = file.storyboard; name = Base; path = Base.lproj/Main.storyboard; sourceTree = "<group>"; };
		134BCB591F0DF4C400AA5558 /* Assets.xcassets */ = {isa = PBXFileReference; lastKnownFileType = folder.assetcatalog; path = Assets.xcassets; sourceTree = "<group>"; };
		134BCB5C1F0DF4C400AA5558 /* Base */ = {isa = PBXFileReference; lastKnownFileType = file.storyboard; name = Base; path = Base.lproj/LaunchScreen.storyboard; sourceTree = "<group>"; };
		134BCB5E1F0DF4C400AA5558 /* Info.plist */ = {isa = PBXFileReference; lastKnownFileType = text.plist.xml; path = Info.plist; sourceTree = "<group>"; };
		13C75C911F0DF89D00960C64 /* Stripe-Bridging-Header.h */ = {isa = PBXFileReference; lastKnownFileType = sourcecode.c.h; path = "Stripe-Bridging-Header.h"; sourceTree = "<group>"; };
		66829DA09B6D480AAA47773B /* Pods-stripeDemo_6_7.release.xcconfig */ = {isa = PBXFileReference; includeInIndex = 1; lastKnownFileType = text.xcconfig; name = "Pods-stripeDemo_6_7.release.xcconfig"; path = "Pods/Target Support Files/Pods-stripeDemo_6_7/Pods-stripeDemo_6_7.release.xcconfig"; sourceTree = "<group>"; };
		D0E8DC856A228CB3C168E343 /* Pods_stripeDemo_6_7.framework */ = {isa = PBXFileReference; explicitFileType = wrapper.framework; includeInIndex = 0; path = Pods_stripeDemo_6_7.framework; sourceTree = BUILT_PRODUCTS_DIR; };
		F93F91E593204F6668808F5B /* Pods-stripeDemo_6_7.debug.xcconfig */ = {isa = PBXFileReference; includeInIndex = 1; lastKnownFileType = text.xcconfig; name = "Pods-stripeDemo_6_7.debug.xcconfig"; path = "Pods/Target Support Files/Pods-stripeDemo_6_7/Pods-stripeDemo_6_7.debug.xcconfig"; sourceTree = "<group>"; };
/* End PBXFileReference section */

/* Begin PBXFrameworksBuildPhase section */
		134BCB4C1F0DF4C400AA5558 /* Frameworks */ = {
			isa = PBXFrameworksBuildPhase;
			buildActionMask = 2147483647;
			files = (
				C751D6877C236A8C2B81FBF7 /* Pods_stripeDemo_6_7.framework in Frameworks */,
			);
			runOnlyForDeploymentPostprocessing = 0;
		};
/* End PBXFrameworksBuildPhase section */

/* Begin PBXGroup section */
		134BCB461F0DF4C400AA5558 = {
			isa = PBXGroup;
			children = (
				134BCB511F0DF4C400AA5558 /* stripeDemo_6_7 */,
				134BCB501F0DF4C400AA5558 /* Products */,
				734F69A822077A2620435C65 /* Pods */,
				E405A67795FBBB526AE58C1F /* Frameworks */,
			);
			sourceTree = "<group>";
		};
		134BCB501F0DF4C400AA5558 /* Products */ = {
			isa = PBXGroup;
			children = (
				134BCB4F1F0DF4C400AA5558 /* stripeDemo_6_7.app */,
			);
			name = Products;
			sourceTree = "<group>";
		};
		134BCB511F0DF4C400AA5558 /* stripeDemo_6_7 */ = {
			isa = PBXGroup;
			children = (
				134BCB521F0DF4C400AA5558 /* AppDelegate.swift */,
				134BCB541F0DF4C400AA5558 /* ViewController.swift */,
				134BCB561F0DF4C400AA5558 /* Main.storyboard */,
				134BCB591F0DF4C400AA5558 /* Assets.xcassets */,
				134BCB5B1F0DF4C400AA5558 /* LaunchScreen.storyboard */,
				134BCB5E1F0DF4C400AA5558 /* Info.plist */,
				13C75C911F0DF89D00960C64 /* Stripe-Bridging-Header.h */,
			);
			path = stripeDemo_6_7;
			sourceTree = "<group>";
		};
		734F69A822077A2620435C65 /* Pods */ = {
			isa = PBXGroup;
			children = (
				F93F91E593204F6668808F5B /* Pods-stripeDemo_6_7.debug.xcconfig */,
				66829DA09B6D480AAA47773B /* Pods-stripeDemo_6_7.release.xcconfig */,
			);
			name = Pods;
			sourceTree = "<group>";
		};
		E405A67795FBBB526AE58C1F /* Frameworks */ = {
			isa = PBXGroup;
			children = (
				D0E8DC856A228CB3C168E343 /* Pods_stripeDemo_6_7.framework */,
			);
			name = Frameworks;
			sourceTree = "<group>";
		};
/* End PBXGroup section */

/* Begin PBXNativeTarget section */
		134BCB4E1F0DF4C400AA5558 /* stripeDemo_6_7 */ = {
			isa = PBXNativeTarget;
			buildConfigurationList = 134BCB611F0DF4C400AA5558 /* Build configuration list for PBXNativeTarget "stripeDemo_6_7" */;
			buildPhases = (
				DFAEFEF36FD9421B53DC17AD /* [CP] Check Pods Manifest.lock */,
				134BCB4B1F0DF4C400AA5558 /* Sources */,
				134BCB4C1F0DF4C400AA5558 /* Frameworks */,
				134BCB4D1F0DF4C400AA5558 /* Resources */,
				EFD40968FA7844C5AEBE5EDD /* [CP] Embed Pods Frameworks */,
				C05A64C346BF78F0B38B45EA /* [CP] Copy Pods Resources */,
			);
			buildRules = (
			);
			dependencies = (
			);
			name = stripeDemo_6_7;
			productName = stripeDemo_6_7;
			productReference = 134BCB4F1F0DF4C400AA5558 /* stripeDemo_6_7.app */;
			productType = "com.apple.product-type.application";
		};
/* End PBXNativeTarget section */

/* Begin PBXProject section */
		134BCB471F0DF4C400AA5558 /* Project object */ = {
			isa = PBXProject;
			attributes = {
				LastSwiftUpdateCheck = 0830;
				LastUpgradeCheck = 0830;
				ORGANIZATIONNAME = "Crest-Infotech";
				TargetAttributes = {
					134BCB4E1F0DF4C400AA5558 = {
						CreatedOnToolsVersion = 8.3.2;
						DevelopmentTeam = NWS2NPW8E2;
						ProvisioningStyle = Automatic;
					};
				};
			};
			buildConfigurationList = 134BCB4A1F0DF4C400AA5558 /* Build configuration list for PBXProject "stripeDemo_6_7" */;
			compatibilityVersion = "Xcode 3.2";
			developmentRegion = English;
			hasScannedForEncodings = 0;
			knownRegions = (
				en,
				Base,
			);
			mainGroup = 134BCB461F0DF4C400AA5558;
			productRefGroup = 134BCB501F0DF4C400AA5558 /* Products */;
			projectDirPath = "";
			projectRoot = "";
			targets = (
				134BCB4E1F0DF4C400AA5558 /* stripeDemo_6_7 */,
			);
		};
/* End PBXProject section */

/* Begin PBXResourcesBuildPhase section */
		134BCB4D1F0DF4C400AA5558 /* Resources */ = {
			isa = PBXResourcesBuildPhase;
			buildActionMask = 2147483647;
			files = (
				134BCB5D1F0DF4C400AA5558 /* LaunchScreen.storyboard in Resources */,
				134BCB5A1F0DF4C400AA5558 /* Assets.xcassets in Resources */,
				134BCB581F0DF4C400AA5558 /* Main.storyboard in Resources */,
			);
			runOnlyForDeploymentPostprocessing = 0;
		};
/* End PBXResourcesBuildPhase section */

/* Begin PBXShellScriptBuildPhase section */
		C05A64C346BF78F0B38B45EA /* [CP] Copy Pods Resources */ = {
			isa = PBXShellScriptBuildPhase;
			buildActionMask = 2147483647;
			files = (
			);
			inputPaths = (
			);
			name = "[CP] Copy Pods Resources";
			outputPaths = (
			);
			runOnlyForDeploymentPostprocessing = 0;
			shellPath = /bin/sh;
			shellScript = "\"${SRCROOT}/Pods/Target Support Files/Pods-stripeDemo_6_7/Pods-stripeDemo_6_7-resources.sh\"\n";
			showEnvVarsInLog = 0;
		};
		DFAEFEF36FD9421B53DC17AD /* [CP] Check Pods Manifest.lock */ = {
			isa = PBXShellScriptBuildPhase;
			buildActionMask = 2147483647;
			files = (
			);
			inputPaths = (
			);
			name = "[CP] Check Pods Manifest.lock";
			outputPaths = (
			);
			runOnlyForDeploymentPostprocessing = 0;
			shellPath = /bin/sh;
			shellScript = "diff \"${PODS_PODFILE_DIR_PATH}/Podfile.lock\" \"${PODS_ROOT}/Manifest.lock\" > /dev/null\nif [ $? != 0 ] ; then\n    # print error to STDERR\n    echo \"error: The sandbox is not in sync with the Podfile.lock. Run 'pod install' or update your CocoaPods installation.\" >&2\n    exit 1\nfi\n";
			showEnvVarsInLog = 0;
		};
		EFD40968FA7844C5AEBE5EDD /* [CP] Embed Pods Frameworks */ = {
			isa = PBXShellScriptBuildPhase;
			buildActionMask = 2147483647;
			files = (
			);
			inputPaths = (
			);
			name = "[CP] Embed Pods Frameworks";
			outputPaths = (
			);
			runOnlyForDeploymentPostprocessing = 0;
			shellPath = /bin/sh;
			shellScript = "\"${SRCROOT}/Pods/Target Support Files/Pods-stripeDemo_6_7/Pods-stripeDemo_6_7-frameworks.sh\"\n";
			showEnvVarsInLog = 0;
		};
/* End PBXShellScriptBuildPhase section */

/* Begin PBXSourcesBuildPhase section */
		134BCB4B1F0DF4C400AA5558 /* Sources */ = {
			isa = PBXSourcesBuildPhase;
			buildActionMask = 2147483647;
			files = (
				134BCB551F0DF4C400AA5558 /* ViewController.swift in Sources */,
				134BCB531F0DF4C400AA5558 /* AppDelegate.swift in Sources */,
			);
			runOnlyForDeploymentPostprocessing = 0;
		};
/* End PBXSourcesBuildPhase section */

/* Begin PBXVariantGroup section */
		134BCB561F0DF4C400AA5558 /* Main.storyboard */ = {
			isa = PBXVariantGroup;
			children = (
				134BCB571F0DF4C400AA5558 /* Base */,
			);
			name = Main.storyboard;
			sourceTree = "<group>";
		};
		134BCB5B1F0DF4C400AA5558 /* LaunchScreen.storyboard */ = {
			isa = PBXVariantGroup;
			children = (
				134BCB5C1F0DF4C400AA5558 /* Base */,
			);
			name = LaunchScreen.storyboard;
			sourceTree = "<group>";
		};
/* End PBXVariantGroup section */

/* Begin XCBuildConfiguration section */
		134BCB5F1F0DF4C400AA5558 /* Debug */ = {
			isa = XCBuildConfiguration;
			buildSettings = {
				ALWAYS_SEARCH_USER_PATHS = NO;
				CLANG_ANALYZER_NONNULL = YES;
				CLANG_ANALYZER_NUMBER_OBJECT_CONVERSION = YES_AGGRESSIVE;
				CLANG_CXX_LANGUAGE_STANDARD = "gnu++0x";
				CLANG_CXX_LIBRARY = "libc++";
				CLANG_ENABLE_MODULES = YES;
				CLANG_ENABLE_OBJC_ARC = YES;
				CLANG_WARN_BOOL_CONVERSION = YES;
				CLANG_WARN_CONSTANT_CONVERSION = YES;
				CLANG_WARN_DIRECT_OBJC_ISA_USAGE = YES_ERROR;
				CLANG_WARN_DOCUMENTATION_COMMENTS = YES;
				CLANG_WARN_EMPTY_BODY = YES;
				CLANG_WARN_ENUM_CONVERSION = YES;
				CLANG_WARN_INFINITE_RECURSION = YES;
				CLANG_WARN_INT_CONVERSION = YES;
				CLANG_WARN_OBJC_ROOT_CLASS = YES_ERROR;
				CLANG_WARN_SUSPICIOUS_MOVE = YES;
				CLANG_WARN_UNREACHABLE_CODE = YES;
				CLANG_WARN__DUPLICATE_METHOD_MATCH = YES;
				"CODE_SIGN_IDENTITY[sdk=iphoneos*]" = "iPhone Developer";
				COPY_PHASE_STRIP = NO;
				DEBUG_INFORMATION_FORMAT = dwarf;
				ENABLE_STRICT_OBJC_MSGSEND = YES;
				ENABLE_TESTABILITY = YES;
				GCC_C_LANGUAGE_STANDARD = gnu99;
				GCC_DYNAMIC_NO_PIC = NO;
				GCC_NO_COMMON_BLOCKS = YES;
				GCC_OPTIMIZATION_LEVEL = 0;
				GCC_PREPROCESSOR_DEFINITIONS = (
					"DEBUG=1",
					"$(inherited)",
				);
				GCC_WARN_64_TO_32_BIT_CONVERSION = YES;
				GCC_WARN_ABOUT_RETURN_TYPE = YES_ERROR;
				GCC_WARN_UNDECLARED_SELECTOR = YES;
				GCC_WARN_UNINITIALIZED_AUTOS = YES_AGGRESSIVE;
				GCC_WARN_UNUSED_FUNCTION = YES;
				GCC_WARN_UNUSED_VARIABLE = YES;
				IPHONEOS_DEPLOYMENT_TARGET = 10.3;
				MTL_ENABLE_DEBUG_INFO = YES;
				ONLY_ACTIVE_ARCH = YES;
				SDKROOT = iphoneos;
				SWIFT_ACTIVE_COMPILATION_CONDITIONS = DEBUG;
				SWIFT_OPTIMIZATION_LEVEL = "-Onone";
			};
			name = Debug;
		};
		134BCB601F0DF4C400AA5558 /* Release */ = {
			isa = XCBuildConfiguration;
			buildSettings = {
				ALWAYS_SEARCH_USER_PATHS = NO;
				CLANG_ANALYZER_NONNULL = YES;
				CLANG_ANALYZER_NUMBER_OBJECT_CONVERSION = YES_AGGRESSIVE;
				CLANG_CXX_LANGUAGE_STANDARD = "gnu++0x";
				CLANG_CXX_LIBRARY = "libc++";
				CLANG_ENABLE_MODULES = YES;
				CLANG_ENABLE_OBJC_ARC = YES;
				CLANG_WARN_BOOL_CONVERSION = YES;
				CLANG_WARN_CONSTANT_CONVERSION = YES;
				CLANG_WARN_DIRECT_OBJC_ISA_USAGE = YES_ERROR;
				CLANG_WARN_DOCUMENTATION_COMMENTS = YES;
				CLANG_WARN_EMPTY_BODY = YES;
				CLANG_WARN_ENUM_CONVERSION = YES;
				CLANG_WARN_INFINITE_RECURSION = YES;
				CLANG_WARN_INT_CONVERSION = YES;
				CLANG_WARN_OBJC_ROOT_CLASS = YES_ERROR;
				CLANG_WARN_SUSPICIOUS_MOVE = YES;
				CLANG_WARN_UNREACHABLE_CODE = YES;
				CLANG_WARN__DUPLICATE_METHOD_MATCH = YES;
				"CODE_SIGN_IDENTITY[sdk=iphoneos*]" = "iPhone Developer";
				COPY_PHASE_STRIP = NO;
				DEBUG_INFORMATION_FORMAT = "dwarf-with-dsym";
				ENABLE_NS_ASSERTIONS = NO;
				ENABLE_STRICT_OBJC_MSGSEND = YES;
				GCC_C_LANGUAGE_STANDARD = gnu99;
				GCC_NO_COMMON_BLOCKS = YES;
				GCC_WARN_64_TO_32_BIT_CONVERSION = YES;
				GCC_WARN_ABOUT_RETURN_TYPE = YES_ERROR;
				GCC_WARN_UNDECLARED_SELECTOR = YES;
				GCC_WARN_UNINITIALIZED_AUTOS = YES_AGGRESSIVE;
				GCC_WARN_UNUSED_FUNCTION = YES;
				GCC_WARN_UNUSED_VARIABLE = YES;
				IPHONEOS_DEPLOYMENT_TARGET = 10.3;
				MTL_ENABLE_DEBUG_INFO = NO;
				SDKROOT = iphoneos;
				SWIFT_OPTIMIZATION_LEVEL = "-Owholemodule";
				VALIDATE_PRODUCT = YES;
			};
			name = Release;
		};
		134BCB621F0DF4C400AA5558 /* Debug */ = {
			isa = XCBuildConfiguration;
			baseConfigurationReference = F93F91E593204F6668808F5B /* Pods-stripeDemo_6_7.debug.xcconfig */;
			buildSettings = {
				ASSETCATALOG_COMPILER_APPICON_NAME = AppIcon;
				DEVELOPMENT_TEAM = NWS2NPW8E2;
				INFOPLIST_FILE = stripeDemo_6_7/Info.plist;
				LD_RUNPATH_SEARCH_PATHS = "$(inherited) @executable_path/Frameworks";
				PRODUCT_BUNDLE_IDENTIFIER = "com.crest.stripeDemo-6-7";
				PRODUCT_NAME = "$(TARGET_NAME)";
				SWIFT_OBJC_BRIDGING_HEADER = "stripeDemo_6_7/Stripe-Bridging-Header.h";
				SWIFT_VERSION = 3.0;
			};
			name = Debug;
		};
		134BCB631F0DF4C400AA5558 /* Release */ = {
			isa = XCBuildConfiguration;
			baseConfigurationReference = 66829DA09B6D480AAA47773B /* Pods-stripeDemo_6_7.release.xcconfig */;
			buildSettings = {
				ASSETCATALOG_COMPILER_APPICON_NAME = AppIcon;
				DEVELOPMENT_TEAM = NWS2NPW8E2;
				INFOPLIST_FILE = stripeDemo_6_7/Info.plist;
				LD_RUNPATH_SEARCH_PATHS = "$(inherited) @executable_path/Frameworks";
				PRODUCT_BUNDLE_IDENTIFIER = "com.crest.stripeDemo-6-7";
				PRODUCT_NAME = "$(TARGET_NAME)";
				SWIFT_OBJC_BRIDGING_HEADER = "stripeDemo_6_7/Stripe-Bridging-Header.h";
				SWIFT_VERSION = 3.0;
			};
			name = Release;
		};
/* End XCBuildConfiguration section */

/* Begin XCConfigurationList section */
		134BCB4A1F0DF4C400AA5558 /* Build configuration list for PBXProject "stripeDemo_6_7" */ = {
			isa = XCConfigurationList;
			buildConfigurations = (
				134BCB5F1F0DF4C400AA5558 /* Debug */,
				134BCB601F0DF4C400AA5558 /* Release */,
			);
			defaultConfigurationIsVisible = 0;
			defaultConfigurationName = Release;
		};
		134BCB611F0DF4C400AA5558 /* Build configuration list for PBXNativeTarget "stripeDemo_6_7" */ = {
			isa = XCConfigurationList;
			buildConfigurations = (
				134BCB621F0DF4C400AA5558 /* Debug */,
				134BCB631F0DF4C400AA5558 /* Release */,
			);
			defaultConfigurationIsVisible = 0;
			defaultConfigurationName = Release;
		};
/* End XCConfigurationList section */
	};
	rootObject = 134BCB471F0DF4C400AA5558 /* Project object */;
}
